// !$*UTF8*$!
{
	archiveVersion = 1;
	classes = {
	};
	objectVersion = 46;
	objects = {

/* Begin PBXBuildFile section */
		DAB01CB51B7CE63D009F4E71 /* main.m in Sources */ = {isa = PBXBuildFile; fileRef = DAB01CB41B7CE63D009F4E71 /* main.m */; };
		DAB01CB81B7CE63D009F4E71 /* AppDelegate.m in Sources */ = {isa = PBXBuildFile; fileRef = DAB01CB71B7CE63D009F4E71 /* AppDelegate.m */; };
		DAB01CBB1B7CE63D009F4E71 /* ViewController.m in Sources */ = {isa = PBXBuildFile; fileRef = DAB01CBA1B7CE63D009F4E71 /* ViewController.m */; };
		DAB01CBE1B7CE63D009F4E71 /* Main.storyboard in Resources */ = {isa = PBXBuildFile; fileRef = DAB01CBC1B7CE63D009F4E71 /* Main.storyboard */; };
		DAB01CC01B7CE63D009F4E71 /* Images.xcassets in Resources */ = {isa = PBXBuildFile; fileRef = DAB01CBF1B7CE63D009F4E71 /* Images.xcassets */; };
		DAB01CC31B7CE63D009F4E71 /* LaunchScreen.xib in Resources */ = {isa = PBXBuildFile; fileRef = DAB01CC11B7CE63D009F4E71 /* LaunchScreen.xib */; };
		DAB01CCF1B7CE63D009F4E71 /* MyFirstiPhoneTests.m in Sources */ = {isa = PBXBuildFile; fileRef = DAB01CCE1B7CE63D009F4E71 /* MyFirstiPhoneTests.m */; };
/* End PBXBuildFile section */

/* Begin PBXContainerItemProxy section */
		DAB01CC91B7CE63D009F4E71 /* PBXContainerItemProxy */ = {
			isa = PBXContainerItemProxy;
			containerPortal = DAB01CA71B7CE63D009F4E71 /* Project object */;
			proxyType = 1;
			remoteGlobalIDString = DAB01CAE1B7CE63D009F4E71;
			remoteInfo = MyFirstiPhone;
		};
/* End PBXContainerItemProxy section */

/* Begin PBXFileReference section */
		DAB01CAF1B7CE63D009F4E71 /* MyFirstiPhone.app */ = {isa = PBXFileReference; explicitFileType = wrapper.application; includeInIndex = 0; path = MyFirstiPhone.app; sourceTree = BUILT_PRODUCTS_DIR; };
		DAB01CB31B7CE63D009F4E71 /* Info.plist */ = {isa = PBXFileReference; lastKnownFileType = text.plist.xml; path = Info.plist; sourceTree = "<group>"; };
		DAB01CB41B7CE63D009F4E71 /* main.m */ = {isa = PBXFileReference; lastKnownFileType = sourcecode.c.objc; path = main.m; sourceTree = "<group>"; };
		DAB01CB61B7CE63D009F4E71 /* AppDelegate.h */ = {isa = PBXFileReference; lastKnownFileType = sourcecode.c.h; path = AppDelegate.h; sourceTree = "<group>"; };
		DAB01CB71B7CE63D009F4E71 /* AppDelegate.m */ = {isa = PBXFileReference; lastKnownFileType = sourcecode.c.objc; path = AppDelegate.m; sourceTree = "<group>"; };
		DAB01CB91B7CE63D009F4E71 /* ViewController.h */ = {isa = PBXFileReference; lastKnownFileType = sourcecode.c.h; path = ViewController.h; sourceTree = "<group>"; };
		DAB01CBA1B7CE63D009F4E71 /* ViewController.m */ = {isa = PBXFileReference; lastKnownFileType = sourcecode.c.objc; path = ViewController.m; sourceTree = "<group>"; };
		DAB01CBD1B7CE63D009F4E71 /* Base */ = {isa = PBXFileReference; lastKnownFileType = file.storyboard; name = Base; path = Base.lproj/Main.storyboard; sourceTree = "<group>"; };
		DAB01CBF1B7CE63D009F4E71 /* Images.xcassets */ = {isa = PBXFileReference; lastKnownFileType = folder.assetcatalog; path = Images.xcassets; sourceTree = "<group>"; };
		DAB01CC21B7CE63D009F4E71 /* Base */ = {isa = PBXFileReference; lastKnownFileType = file.xib; name = Base; path = Base.lproj/LaunchScreen.xib; sourceTree = "<group>"; };
		DAB01CC81B7CE63D009F4E71 /* MyFirstiPhoneTests.xctest */ = {isa = PBXFileReference; explicitFileType = wrapper.cfbundle; includeInIndex = 0; path = MyFirstiPhoneTests.xctest; sourceTree = BUILT_PRODUCTS_DIR; };
		DAB01CCD1B7CE63D009F4E71 /* Info.plist */ = {isa = PBXFileReference; lastKnownFileType = text.plist.xml; path = Info.plist; sourceTree = "<group>"; };
		DAB01CCE1B7CE63D009F4E71 /* MyFirstiPhoneTests.m */ = {isa = PBXFileReference; lastKnownFileType = sourcecode.c.objc; path = MyFirstiPhoneTests.m; sourceTree = "<group>"; };
/* End PBXFileReference section */

/* Begin PBXFrameworksBuildPhase section */
		DAB01CAC1B7CE63D009F4E71 /* Frameworks */ = {
			isa = PBXFrameworksBuildPhase;
			buildActionMask = 2147483647;
			files = (
			);
			runOnlyForDeploymentPostprocessing = 0;
		};
		DAB01CC51B7CE63D009F4E71 /* Frameworks */ = {
			isa = PBXFrameworksBuildPhase;
			buildActionMask = 2147483647;
			files = (
			);
			runOnlyForDeploymentPostprocessing = 0;
		};
/* End PBXFrameworksBuildPhase section */

/* Begin PBXGroup section */
		DAB01CA61B7CE63D009F4E71 = {
			isa = PBXGroup;
			children = (
				DAB01CB11B7CE63D009F4E71 /* MyFirstiPhone */,
				DAB01CCB1B7CE63D009F4E71 /* MyFirstiPhoneTests */,
				DAB01CB01B7CE63D009F4E71 /* Products */,
			);
			sourceTree = "<group>";
		};
		DAB01CB01B7CE63D009F4E71 /* Products */ = {
			isa = PBXGroup;
			children = (
				DAB01CAF1B7CE63D009F4E71 /* MyFirstiPhone.app */,
				DAB01CC81B7CE63D009F4E71 /* MyFirstiPhoneTests.xctest */,
			);
			name = Products;
			sourceTree = "<group>";
		};
		DAB01CB11B7CE63D009F4E71 /* MyFirstiPhone */ = {
			isa = PBXGroup;
			children = (
				DAB01CB61B7CE63D009F4E71 /* AppDelegate.h */,
				DAB01CB71B7CE63D009F4E71 /* AppDelegate.m */,
				DAB01CB91B7CE63D009F4E71 /* ViewController.h */,
				DAB01CBA1B7CE63D009F4E71 /* ViewController.m */,
				DAB01CBC1B7CE63D009F4E71 /* Main.storyboard */,
				DAB01CBF1B7CE63D009F4E71 /* Images.xcassets */,
				DAB01CC11B7CE63D009F4E71 /* LaunchScreen.xib */,
				DAB01CB21B7CE63D009F4E71 /* Supporting Files */,
			);
			path = MyFirstiPhone;
			sourceTree = "<group>";
		};
		DAB01CB21B7CE63D009F4E71 /* Supporting Files */ = {
			isa = PBXGroup;
			children = (
				DAB01CB31B7CE63D009F4E71 /* Info.plist */,
				DAB01CB41B7CE63D009F4E71 /* main.m */,
			);
			name = "Supporting Files";
			sourceTree = "<group>";
		};
		DAB01CCB1B7CE63D009F4E71 /* MyFirstiPhoneTests */ = {
			isa = PBXGroup;
			children = (
				DAB01CCE1B7CE63D009F4E71 /* MyFirstiPhoneTests.m */,
				DAB01CCC1B7CE63D009F4E71 /* Supporting Files */,
			);
			path = MyFirstiPhoneTests;
			sourceTree = "<group>";
		};
		DAB01CCC1B7CE63D009F4E71 /* Supporting Files */ = {
			isa = PBXGroup;
			children = (
				DAB01CCD1B7CE63D009F4E71 /* Info.plist */,
			);
			name = "Supporting Files";
			sourceTree = "<group>";
		};
/* End PBXGroup section */

/* Begin PBXNativeTarget section */
		DAB01CAE1B7CE63D009F4E71 /* MyFirstiPhone */ = {
			isa = PBXNativeTarget;
			buildConfigurationList = DAB01CD21B7CE63D009F4E71 /* Build configuration list for PBXNativeTarget "MyFirstiPhone" */;
			buildPhases = (
				DAB01CAB1B7CE63D009F4E71 /* Sources */,
				DAB01CAC1B7CE63D009F4E71 /* Frameworks */,
				DAB01CAD1B7CE63D009F4E71 /* Resources */,
			);
			buildRules = (
			);
			dependencies = (
			);
			name = MyFirstiPhone;
			productName = MyFirstiPhone;
			productReference = DAB01CAF1B7CE63D009F4E71 /* MyFirstiPhone.app */;
			productType = "com.apple.product-type.application";
		};
		DAB01CC71B7CE63D009F4E71 /* MyFirstiPhoneTests */ = {
			isa = PBXNativeTarget;
			buildConfigurationList = DAB01CD51B7CE63D009F4E71 /* Build configuration list for PBXNativeTarget "MyFirstiPhoneTests" */;
			buildPhases = (
				DAB01CC41B7CE63D009F4E71 /* Sources */,
				DAB01CC51B7CE63D009F4E71 /* Frameworks */,
				DAB01CC61B7CE63D009F4E71 /* Resources */,
			);
			buildRules = (
			);
			dependencies = (
				DAB01CCA1B7CE63D009F4E71 /* PBXTargetDependency */,
			);
			name = MyFirstiPhoneTests;
			productName = MyFirstiPhoneTests;
			productReference = DAB01CC81B7CE63D009F4E71 /* MyFirstiPhoneTests.xctest */;
			productType = "com.apple.product-type.bundle.unit-test";
		};
/* End PBXNativeTarget section */

/* Begin PBXProject section */
		DAB01CA71B7CE63D009F4E71 /* Project object */ = {
			isa = PBXProject;
			attributes = {
				LastUpgradeCheck = 0640;
				ORGANIZATIONNAME = "Chester Lv";
				TargetAttributes = {
					DAB01CAE1B7CE63D009F4E71 = {
						CreatedOnToolsVersion = 6.4;
					};
					DAB01CC71B7CE63D009F4E71 = {
						CreatedOnToolsVersion = 6.4;
						TestTargetID = DAB01CAE1B7CE63D009F4E71;
					};
				};
			};
			buildConfigurationList = DAB01CAA1B7CE63D009F4E71 /* Build configuration list for PBXProject "MyFirstiPhone" */;
			compatibilityVersion = "Xcode 3.2";
			developmentRegion = English;
			hasScannedForEncodings = 0;
			knownRegions = (
				en,
				Base,
			);
			mainGroup = DAB01CA61B7CE63D009F4E71;
			productRefGroup = DAB01CB01B7CE63D009F4E71 /* Products */;
			projectDirPath = "";
			projectRoot = "";
			targets = (
				DAB01CAE1B7CE63D009F4E71 /* MyFirstiPhone */,
				DAB01CC71B7CE63D009F4E71 /* MyFirstiPhoneTests */,
			);
		};
/* End PBXProject section */

/* Begin PBXResourcesBuildPhase section */
		DAB01CAD1B7CE63D009F4E71 /* Resources */ = {
			isa = PBXResourcesBuildPhase;
			buildActionMask = 2147483647;
			files = (
				DAB01CBE1B7CE63D009F4E71 /* Main.storyboard in Resources */,
				DAB01CC31B7CE63D009F4E71 /* LaunchScreen.xib in Resources */,
				DAB01CC01B7CE63D009F4E71 /* Images.xcassets in Resources */,
			);
			runOnlyForDeploymentPostprocessing = 0;
		};
		DAB01CC61B7CE63D009F4E71 /* Resources */ = {
			isa = PBXResourcesBuildPhase;
			buildActionMask = 2147483647;
			files = (
			);
			runOnlyForDeploymentPostprocessing = 0;
		};
/* End PBXResourcesBuildPhase section */

/* Begin PBXSourcesBuildPhase section */
		DAB01CAB1B7CE63D009F4E71 /* Sources */ = {
			isa = PBXSourcesBuildPhase;
			buildActionMask = 2147483647;
			files = (
				DAB01CBB1B7CE63D009F4E71 /* ViewController.m in Sources */,
				DAB01CB81B7CE63D009F4E71 /* AppDelegate.m in Sources */,
				DAB01CB51B7CE63D009F4E71 /* main.m in Sources */,
			);
			runOnlyForDeploymentPostprocessing = 0;
		};
		DAB01CC41B7CE63D009F4E71 /* Sources */ = {
			isa = PBXSourcesBuildPhase;
			buildActionMask = 2147483647;
			files = (
				DAB01CCF1B7CE63D009F4E71 /* MyFirstiPhoneTests.m in Sources */,
			);
			runOnlyForDeploymentPostprocessing = 0;
		};
/* End PBXSourcesBuildPhase section */

/* Begin PBXTargetDependency section */
		DAB01CCA1B7CE63D009F4E71 /* PBXTargetDependency */ = {
			isa = PBXTargetDependency;
			target = DAB01CAE1B7CE63D009F4E71 /* MyFirstiPhone */;
			targetProxy = DAB01CC91B7CE63D009F4E71 /* PBXContainerItemProxy */;
		};
/* End PBXTargetDependency section */

/* Begin PBXVariantGroup section */
		DAB01CBC1B7CE63D009F4E71 /* Main.storyboard */ = {
			isa = PBXVariantGroup;
			children = (
				DAB01CBD1B7CE63D009F4E71 /* Base */,
			);
			name = Main.storyboard;
			sourceTree = "<group>";
		};
		DAB01CC11B7CE63D009F4E71 /* LaunchScreen.xib */ = {
			isa = PBXVariantGroup;
			children = (
				DAB01CC21B7CE63D009F4E71 /* Base */,
			);
			name = LaunchScreen.xib;
			sourceTree = "<group>";
		};
/* End PBXVariantGroup section */

/* Begin XCBuildConfiguration section */
		DAB01CD01B7CE63D009F4E71 /* Debug */ = {
			isa = XCBuildConfiguration;
			buildSettings = {
				ALWAYS_SEARCH_USER_PATHS = NO;
				CLANG_CXX_LANGUAGE_STANDARD = "gnu++0x";
				CLANG_CXX_LIBRARY = "libc++";
				CLANG_ENABLE_MODULES = YES;
				CLANG_ENABLE_OBJC_ARC = YES;
				CLANG_WARN_BOOL_CONVERSION = YES;
				CLANG_WARN_CONSTANT_CONVERSION = YES;
				CLANG_WARN_DIRECT_OBJC_ISA_USAGE = YES_ERROR;
				CLANG_WARN_EMPTY_BODY = YES;
				CLANG_WARN_ENUM_CONVERSION = YES;
				CLANG_WARN_INT_CONVERSION = YES;
				CLANG_WARN_OBJC_ROOT_CLASS = YES_ERROR;
				CLANG_WARN_UNREACHABLE_CODE = YES;
				CLANG_WARN__DUPLICATE_METHOD_MATCH = YES;
				"CODE_SIGN_IDENTITY[sdk=iphoneos*]" = "iPhone Developer";
				COPY_PHASE_STRIP = NO;
				DEBUG_INFORMATION_FORMAT = "dwarf-with-dsym";
				ENABLE_STRICT_OBJC_MSGSEND = YES;
				GCC_C_LANGUAGE_STANDARD = gnu99;
				GCC_DYNAMIC_NO_PIC = NO;
				GCC_NO_COMMON_BLOCKS = YES;
				GCC_OPTIMIZATION_LEVEL = 0;
				GCC_PREPROCESSOR_DEFINITIONS = (
					"DEBUG=1",
					"$(inherited)",
				);
				GCC_SYMBOLS_PRIVATE_EXTERN = NO;
				GCC_WARN_64_TO_32_BIT_CONVERSION = YES;
				GCC_WARN_ABOUT_RETURN_TYPE = YES_ERROR;
				GCC_WARN_UNDECLARED_SELECTOR = YES;
				GCC_WARN_UNINITIALIZED_AUTOS = YES_AGGRESSIVE;
				GCC_WARN_UNUSED_FUNCTION = YES;
				GCC_WARN_UNUSED_VARIABLE = YES;
				IPHONEOS_DEPLOYMENT_TARGET = 8.4;
				MTL_ENABLE_DEBUG_INFO = YES;
				ONLY_ACTIVE_ARCH = YES;
				SDKROOT = iphoneos;
			};
			name = Debug;
		};
		DAB01CD11B7CE63D009F4E71 /* Release */ = {
			isa = XCBuildConfiguration;
			buildSettings = {
				ALWAYS_SEARCH_USER_PATHS = NO;
				CLANG_CXX_LANGUAGE_STANDARD = "gnu++0x";
				CLANG_CXX_LIBRARY = "libc++";
				CLANG_ENABLE_MODULES = YES;
				CLANG_ENABLE_OBJC_ARC = YES;
				CLANG_WARN_BOOL_CONVERSION = YES;
				CLANG_WARN_CONSTANT_CONVERSION = YES;
				CLANG_WARN_DIRECT_OBJC_ISA_USAGE = YES_ERROR;
				CLANG_WARN_EMPTY_BODY = YES;
				CLANG_WARN_ENUM_CONVERSION = YES;
				CLANG_WARN_INT_CONVERSION = YES;
				CLANG_WARN_OBJC_ROOT_CLASS = YES_ERROR;
				CLANG_WARN_UNREACHABLE_CODE = YES;
				CLANG_WARN__DUPLICATE_METHOD_MATCH = YES;
				"CODE_SIGN_IDENTITY[sdk=iphoneos*]" = "iPhone Developer";
				COPY_PHASE_STRIP = NO;
				DEBUG_INFORMATION_FORMAT = "dwarf-with-dsym";
				ENABLE_NS_ASSERTIONS = NO;
				ENABLE_STRICT_OBJC_MSGSEND = YES;
				GCC_C_LANGUAGE_STANDARD = gnu99;
				GCC_NO_COMMON_BLOCKS = YES;
				GCC_WARN_64_TO_32_BIT_CONVERSION = YES;
				GCC_WARN_ABOUT_RETURN_TYPE = YES_ERROR;
				GCC_WARN_UNDECLARED_SELECTOR = YES;
				GCC_WARN_UNINITIALIZED_AUTOS = YES_AGGRESSIVE;
				GCC_WARN_UNUSED_FUNCTION = YES;
				GCC_WARN_UNUSED_VARIABLE = YES;
				IPHONEOS_DEPLOYMENT_TARGET = 8.4;
				MTL_ENABLE_DEBUG_INFO = NO;
				SDKROOT = iphoneos;
				VALIDATE_PRODUCT = YES;
			};
			name = Release;
		};
		DAB01CD31B7CE63D009F4E71 /* Debug */ = {
			isa = XCBuildConfiguration;
			buildSettings = {
				ASSETCATALOG_COMPILER_APPICON_NAME = AppIcon;
				INFOPLIST_FILE = MyFirstiPhone/Info.plist;
				LD_RUNPATH_SEARCH_PATHS = "$(inherited) @executable_path/Frameworks";
				PRODUCT_NAME = "$(TARGET_NAME)";
			};
			name = Debug;
		};
		DAB01CD41B7CE63D009F4E71 /* Release */ = {
			isa = XCBuildConfiguration;
			buildSettings = {
				ASSETCATALOG_COMPILER_APPICON_NAME = AppIcon;
				INFOPLIST_FILE = MyFirstiPhone/Info.plist;
				LD_RUNPATH_SEARCH_PATHS = "$(inherited) @executable_path/Frameworks";
				PRODUCT_NAME = "$(TARGET_NAME)";
			};
			name = Release;
		};
		DAB01CD61B7CE63D009F4E71 /* Debug */ = {
			isa = XCBuildConfiguration;
			buildSettings = {
				BUNDLE_LOADER = "$(TEST_HOST)";
				FRAMEWORK_SEARCH_PATHS = (
					"$(SDKROOT)/Developer/Library/Frameworks",
					"$(inherited)",
				);
				GCC_PREPROCESSOR_DEFINITIONS = (
					"DEBUG=1",
					"$(inherited)",
				);
				INFOPLIST_FILE = MyFirstiPhoneTests/Info.plist;
				LD_RUNPATH_SEARCH_PATHS = "$(inherited) @executable_path/Frameworks @loader_path/Frameworks";
				PRODUCT_NAME = "$(TARGET_NAME)";
				TEST_HOST = "$(BUILT_PRODUCTS_DIR)/MyFirstiPhone.app/MyFirstiPhone";
			};
			name = Debug;
		};
		DAB01CD71B7CE63D009F4E71 /* Release */ = {
			isa = XCBuildConfiguration;
			buildSettings = {
				BUNDLE_LOADER = "$(TEST_HOST)";
				FRAMEWORK_SEARCH_PATHS = (
					"$(SDKROOT)/Developer/Library/Frameworks",
					"$(inherited)",
				);
				INFOPLIST_FILE = MyFirstiPhoneTests/Info.plist;
				LD_RUNPATH_SEARCH_PATHS = "$(inherited) @executable_path/Frameworks @loader_path/Frameworks";
				PRODUCT_NAME = "$(TARGET_NAME)";
				TEST_HOST = "$(BUILT_PRODUCTS_DIR)/MyFirstiPhone.app/MyFirstiPhone";
			};
			name = Release;
		};
/* End XCBuildConfiguration section */

/* Begin XCConfigurationList section */
		DAB01CAA1B7CE63D009F4E71 /* Build configuration list for PBXProject "MyFirstiPhone" */ = {
			isa = XCConfigurationList;
			buildConfigurations = (
				DAB01CD01B7CE63D009F4E71 /* Debug */,
				DAB01CD11B7CE63D009F4E71 /* Release */,
			);
			defaultConfigurationIsVisible = 0;
			defaultConfigurationName = Release;
		};
		DAB01CD21B7CE63D009F4E71 /* Build configuration list for PBXNativeTarget "MyFirstiPhone" */ = {
			isa = XCConfigurationList;
			buildConfigurations = (
				DAB01CD31B7CE63D009F4E71 /* Debug */,
				DAB01CD41B7CE63D009F4E71 /* Release */,
			);
			defaultConfigurationIsVisible = 0;
		};
		DAB01CD51B7CE63D009F4E71 /* Build configuration list for PBXNativeTarget "MyFirstiPhoneTests" */ = {
			isa = XCConfigurationList;
			buildConfigurations = (
				DAB01CD61B7CE63D009F4E71 /* Debug */,
				DAB01CD71B7CE63D009F4E71 /* Release */,
			);
			defaultConfigurationIsVisible = 0;
		};
/* End XCConfigurationList section */
	};
	rootObject = DAB01CA71B7CE63D009F4E71 /* Project object */;
}
